lockfileVersion: '9.0'

settings:
  autoInstallPeers: true
  excludeLinksFromLockfile: false

importers:

  .:
    dependencies:
      pnpm:
        specifier: ^9.1.0
        version: 9.1.0

packages:

  pnpm@9.1.0:
    resolution: {integrity: sha512-Z/WHmRapKT5c8FnCOFPVcb6vT3U8cH9AyyK+1fsVeMaq07bEEHzLO6CzW+AD62IaFkcayDbIe+tT+dVLtGEnJA==}
    engines: {node: '>=18.12'}
    hasBin: true

snapshots:

  pnpm@9.1.0: {}
